
Microsoft Visual Studio Solution File, Format Version 12.00
# Visual Studio Version 16
VisualStudioVersion = 16.0.29503.13
MinimumVisualStudioVersion = 10.0.40219.1
Project("{8BC9CEB8-8B4A-11D0-8D11-00A0C91BC942}") = "X64Compiler", "X64Compiler.vcxproj", "{9131BA69-C28C-4AAE-81E8-AF87790DB83D}"
EndProject
Global
	GlobalSection(SolutionConfigurationPlatforms) = preSolution
		Debug|x64 = Debug|x64
		DebugNoLLVM|x64 = DebugNoLLVM|x64
		Profiling|x64 = Profiling|x64
		Release|x64 = Release|x64
	EndGlobalSection
	GlobalSection(ProjectConfigurationPlatforms) = postSolution
		{9131BA69-C28C-4AAE-81E8-AF87790DB83D}.Debug|x64.ActiveCfg = Debug|x64
		{9131BA69-C28C-4AAE-81E8-AF87790DB83D}.Debug|x64.Build.0 = Debug|x64
		{9131BA69-C28C-4AAE-81E8-AF87790DB83D}.DebugNoLLVM|x64.ActiveCfg = DebugNoLLVM|x64
		{9131BA69-C28C-4AAE-81E8-AF87790DB83D}.DebugNoLLVM|x64.Build.0 = DebugNoLLVM|x64
		{9131BA69-C28C-4AAE-81E8-AF87790DB83D}.Profiling|x64.ActiveCfg = Profiling|x64
		{9131BA69-C28C-4AAE-81E8-AF87790DB83D}.Profiling|x64.Build.0 = Profiling|x64
		{9131BA69-C28C-4AAE-81E8-AF87790DB83D}.Release|x64.ActiveCfg = Release|x64
		{9131BA69-C28C-4AAE-81E8-AF87790DB83D}.Release|x64.Build.0 = Release|x64
	EndGlobalSection
	GlobalSection(SolutionProperties) = preSolution
		HideSolutionNode = FALSE
	EndGlobalSection
	GlobalSection(ExtensibilityGlobals) = postSolution
		SolutionGuid = {036C7039-0A96-4C9E-8FDD-C983EB8BE859}
	EndGlobalSection
EndGlobal
