<?xml version="1.0" encoding="utf-8"?>
<Project ToolsVersion="4.0" xmlns="http://schemas.microsoft.com/developer/msbuild/2003">
  <ItemGroup>
    <None Include="test.mil" />
  </ItemGroup>
  <ItemGroup>
    <ClInclude Include="src\CompilerMain.h" />
    <ClInclude Include="src\Basic.h" />
    <ClInclude Include="src\Lexer.h" />
    <ClInclude Include="src\UTF.h" />
    <ClInclude Include="src\Array.h" />
    <ClInclude Include="src\ArraySet.h" />
    <ClInclude Include="src\String.h" />
    <ClInclude Include="src\Parser.h" />
    <ClInclude Include="src\Ast.h" />
    <ClInclude Include="src\Infer.h" />
    <ClInclude Include="src\WorkQueue.h" />
    <ClInclude Include="src\IrGenerator.h" />
  </ItemGroup>
  <ItemGroup>
    <ClCompile Include="src\CompilerMain.cpp" />
    <ClCompile Include="src\Basic.cpp" />
    <ClCompile Include="src\Lexer.cpp" />
    <ClCompile Include="src\UTF.cpp" />
    <ClCompile Include="src\String.cpp" />
    <ClCompile Include="src\Parser.cpp" />
    <ClCompile Include="src\Ast.cpp" />
    <ClCompile Include="src\Infer.cpp" />
    <ClCompile Include="src\IrGenerator.cpp" />
  </ItemGroup>
  <ItemGroup>
    <Natvis Include="NatvisFile.natvis" />
  </ItemGroup>
</Project>